// !$*UTF8*$!
{
	archiveVersion = 1;
	classes = {
	};
	objectVersion = 56;
	objects = {

/* Begin PBXBuildFile section */
		1B48AAFE2BB6C9D600F3A9E5 /* UserView.swift in Sources */ = {isa = PBXBuildFile; fileRef = 1B48AAFD2BB6C9D600F3A9E5 /* UserView.swift */; };
		1B5F4F852BAB7D4100823CD1 /* SerandibApp.swift in Sources */ = {isa = PBXBuildFile; fileRef = 1B5F4F842BAB7D4100823CD1 /* SerandibApp.swift */; };
		1B5F4F872BAB7D4100823CD1 /* ContentView.swift in Sources */ = {isa = PBXBuildFile; fileRef = 1B5F4F862BAB7D4100823CD1 /* ContentView.swift */; };
		1B5F4F892BAB7D4400823CD1 /* Assets.xcassets in Resources */ = {isa = PBXBuildFile; fileRef = 1B5F4F882BAB7D4400823CD1 /* Assets.xcassets */; };
		1B5F4F8C2BAB7D4400823CD1 /* Preview Assets.xcassets in Resources */ = {isa = PBXBuildFile; fileRef = 1B5F4F8B2BAB7D4400823CD1 /* Preview Assets.xcassets */; };
		1B5F4F962BAB7D4400823CD1 /* SerandibTests.swift in Sources */ = {isa = PBXBuildFile; fileRef = 1B5F4F952BAB7D4400823CD1 /* SerandibTests.swift */; };
		1B5F4FA02BAB7D4400823CD1 /* SerandibUITests.swift in Sources */ = {isa = PBXBuildFile; fileRef = 1B5F4F9F2BAB7D4400823CD1 /* SerandibUITests.swift */; };
		1B5F4FA22BAB7D4400823CD1 /* SerandibUITestsLaunchTests.swift in Sources */ = {isa = PBXBuildFile; fileRef = 1B5F4FA12BAB7D4400823CD1 /* SerandibUITestsLaunchTests.swift */; };
		1B5F4FB32BAB7F4E00823CD1 /* HomeView.swift in Sources */ = {isa = PBXBuildFile; fileRef = 1B5F4FB22BAB7F4E00823CD1 /* HomeView.swift */; };
		1B5F4FBB2BAF08B900823CD1 /* ProductViewModel.swift in Sources */ = {isa = PBXBuildFile; fileRef = 1B5F4FBA2BAF08B900823CD1 /* ProductViewModel.swift */; };
		1B5F4FCD2BAF4F1300823CD1 /* ProductDataModel.swift in Sources */ = {isa = PBXBuildFile; fileRef = 1B5F4FCC2BAF4F1300823CD1 /* ProductDataModel.swift */; };
		1B5F4FCF2BAF518600823CD1 /* ProductCard.swift in Sources */ = {isa = PBXBuildFile; fileRef = 1B5F4FCE2BAF518600823CD1 /* ProductCard.swift */; };
		1B5F4FD12BAF74DA00823CD1 /* CartButton.swift in Sources */ = {isa = PBXBuildFile; fileRef = 1B5F4FD02BAF74DA00823CD1 /* CartButton.swift */; };
		1B5F4FD32BAF774800823CD1 /* CartVeiw.swift in Sources */ = {isa = PBXBuildFile; fileRef = 1B5F4FD22BAF774800823CD1 /* CartVeiw.swift */; };
		1B5F4FD62BB010CD00823CD1 /* CartViewModel.swift in Sources */ = {isa = PBXBuildFile; fileRef = 1B5F4FD52BB010CD00823CD1 /* CartViewModel.swift */; };
		1B5F4FE62BB14FD400823CD1 /* ProductRow.swift in Sources */ = {isa = PBXBuildFile; fileRef = 1B5F4FE52BB14FD400823CD1 /* ProductRow.swift */; };
		1B5F4FEC2BB2DD0E00823CD1 /* LoginView.swift in Sources */ = {isa = PBXBuildFile; fileRef = 1B5F4FEB2BB2DD0E00823CD1 /* LoginView.swift */; };
		1B5F4FEE2BB2EA4800823CD1 /* ProductDetailsView.swift in Sources */ = {isa = PBXBuildFile; fileRef = 1B5F4FED2BB2EA4800823CD1 /* ProductDetailsView.swift */; };
		1B5F4FF02BB479C500823CD1 /* ColorPicker.swift in Sources */ = {isa = PBXBuildFile; fileRef = 1B5F4FEF2BB479C500823CD1 /* ColorPicker.swift */; };
/* End PBXBuildFile section */

/* Begin PBXContainerItemProxy section */
		1B5F4F922BAB7D4400823CD1 /* PBXContainerItemProxy */ = {
			isa = PBXContainerItemProxy;
			containerPortal = 1B5F4F792BAB7D4100823CD1 /* Project object */;
			proxyType = 1;
			remoteGlobalIDString = 1B5F4F802BAB7D4100823CD1;
			remoteInfo = Serandib;
		};
		1B5F4F9C2BAB7D4400823CD1 /* PBXContainerItemProxy */ = {
			isa = PBXContainerItemProxy;
			containerPortal = 1B5F4F792BAB7D4100823CD1 /* Project object */;
			proxyType = 1;
			remoteGlobalIDString = 1B5F4F802BAB7D4100823CD1;
			remoteInfo = Serandib;
		};
/* End PBXContainerItemProxy section */

/* Begin PBXFileReference section */
		1B48AAFD2BB6C9D600F3A9E5 /* UserView.swift */ = {isa = PBXFileReference; lastKnownFileType = sourcecode.swift; path = UserView.swift; sourceTree = "<group>"; };
		1B5F4F812BAB7D4100823CD1 /* Serandib.app */ = {isa = PBXFileReference; explicitFileType = wrapper.application; includeInIndex = 0; path = Serandib.app; sourceTree = BUILT_PRODUCTS_DIR; };
		1B5F4F842BAB7D4100823CD1 /* SerandibApp.swift */ = {isa = PBXFileReference; lastKnownFileType = sourcecode.swift; path = SerandibApp.swift; sourceTree = "<group>"; };
		1B5F4F862BAB7D4100823CD1 /* ContentView.swift */ = {isa = PBXFileReference; lastKnownFileType = sourcecode.swift; path = ContentView.swift; sourceTree = "<group>"; };
		1B5F4F882BAB7D4400823CD1 /* Assets.xcassets */ = {isa = PBXFileReference; lastKnownFileType = folder.assetcatalog; path = Assets.xcassets; sourceTree = "<group>"; };
		1B5F4F8B2BAB7D4400823CD1 /* Preview Assets.xcassets */ = {isa = PBXFileReference; lastKnownFileType = folder.assetcatalog; path = "Preview Assets.xcassets"; sourceTree = "<group>"; };
		1B5F4F912BAB7D4400823CD1 /* SerandibTests.xctest */ = {isa = PBXFileReference; explicitFileType = wrapper.cfbundle; includeInIndex = 0; path = SerandibTests.xctest; sourceTree = BUILT_PRODUCTS_DIR; };
		1B5F4F952BAB7D4400823CD1 /* SerandibTests.swift */ = {isa = PBXFileReference; lastKnownFileType = sourcecode.swift; path = SerandibTests.swift; sourceTree = "<group>"; };
		1B5F4F9B2BAB7D4400823CD1 /* SerandibUITests.xctest */ = {isa = PBXFileReference; explicitFileType = wrapper.cfbundle; includeInIndex = 0; path = SerandibUITests.xctest; sourceTree = BUILT_PRODUCTS_DIR; };
		1B5F4F9F2BAB7D4400823CD1 /* SerandibUITests.swift */ = {isa = PBXFileReference; lastKnownFileType = sourcecode.swift; path = SerandibUITests.swift; sourceTree = "<group>"; };
		1B5F4FA12BAB7D4400823CD1 /* SerandibUITestsLaunchTests.swift */ = {isa = PBXFileReference; lastKnownFileType = sourcecode.swift; path = SerandibUITestsLaunchTests.swift; sourceTree = "<group>"; };
		1B5F4FB22BAB7F4E00823CD1 /* HomeView.swift */ = {isa = PBXFileReference; lastKnownFileType = sourcecode.swift; path = HomeView.swift; sourceTree = "<group>"; };
		1B5F4FBA2BAF08B900823CD1 /* ProductViewModel.swift */ = {isa = PBXFileReference; lastKnownFileType = sourcecode.swift; path = ProductViewModel.swift; sourceTree = "<group>"; };
		1B5F4FCC2BAF4F1300823CD1 /* ProductDataModel.swift */ = {isa = PBXFileReference; lastKnownFileType = sourcecode.swift; path = ProductDataModel.swift; sourceTree = "<group>"; };
		1B5F4FCE2BAF518600823CD1 /* ProductCard.swift */ = {isa = PBXFileReference; lastKnownFileType = sourcecode.swift; path = ProductCard.swift; sourceTree = "<group>"; };
		1B5F4FD02BAF74DA00823CD1 /* CartButton.swift */ = {isa = PBXFileReference; lastKnownFileType = sourcecode.swift; path = CartButton.swift; sourceTree = "<group>"; };
		1B5F4FD22BAF774800823CD1 /* CartVeiw.swift */ = {isa = PBXFileReference; lastKnownFileType = sourcecode.swift; path = CartVeiw.swift; sourceTree = "<group>"; };
		1B5F4FD52BB010CD00823CD1 /* CartViewModel.swift */ = {isa = PBXFileReference; lastKnownFileType = sourcecode.swift; path = CartViewModel.swift; sourceTree = "<group>"; };
		1B5F4FE52BB14FD400823CD1 /* ProductRow.swift */ = {isa = PBXFileReference; lastKnownFileType = sourcecode.swift; path = ProductRow.swift; sourceTree = "<group>"; };
		1B5F4FEB2BB2DD0E00823CD1 /* LoginView.swift */ = {isa = PBXFileReference; lastKnownFileType = sourcecode.swift; path = LoginView.swift; sourceTree = "<group>"; };
		1B5F4FED2BB2EA4800823CD1 /* ProductDetailsView.swift */ = {isa = PBXFileReference; lastKnownFileType = sourcecode.swift; path = ProductDetailsView.swift; sourceTree = "<group>"; };
		1B5F4FEF2BB479C500823CD1 /* ColorPicker.swift */ = {isa = PBXFileReference; lastKnownFileType = sourcecode.swift; path = ColorPicker.swift; sourceTree = "<group>"; };
/* End PBXFileReference section */

/* Begin PBXFrameworksBuildPhase section */
		1B5F4F7E2BAB7D4100823CD1 /* Frameworks */ = {
			isa = PBXFrameworksBuildPhase;
			buildActionMask = 2147483647;
			files = (
			);
			runOnlyForDeploymentPostprocessing = 0;
		};
		1B5F4F8E2BAB7D4400823CD1 /* Frameworks */ = {
			isa = PBXFrameworksBuildPhase;
			buildActionMask = 2147483647;
			files = (
			);
			runOnlyForDeploymentPostprocessing = 0;
		};
		1B5F4F982BAB7D4400823CD1 /* Frameworks */ = {
			isa = PBXFrameworksBuildPhase;
			buildActionMask = 2147483647;
			files = (
			);
			runOnlyForDeploymentPostprocessing = 0;
		};
/* End PBXFrameworksBuildPhase section */

/* Begin PBXGroup section */
		1B5F4F782BAB7D4100823CD1 = {
			isa = PBXGroup;
			children = (
				1B5F4FAF2BAB7DF300823CD1 /* Models */,
				1B5F4FB02BAB7E0300823CD1 /* ViewModel */,
				1B5F4FB12BAB7ED500823CD1 /* Views */,
				1B5F4FD42BB00EE300823CD1 /* Components */,
				1B5F4F832BAB7D4100823CD1 /* Serandib */,
				1B5F4F942BAB7D4400823CD1 /* SerandibTests */,
				1B5F4F9E2BAB7D4400823CD1 /* SerandibUITests */,
				1B5F4F822BAB7D4100823CD1 /* Products */,
			);
			sourceTree = "<group>";
		};
		1B5F4F822BAB7D4100823CD1 /* Products */ = {
			isa = PBXGroup;
			children = (
				1B5F4F812BAB7D4100823CD1 /* Serandib.app */,
				1B5F4F912BAB7D4400823CD1 /* SerandibTests.xctest */,
				1B5F4F9B2BAB7D4400823CD1 /* SerandibUITests.xctest */,
			);
			name = Products;
			sourceTree = "<group>";
		};
		1B5F4F832BAB7D4100823CD1 /* Serandib */ = {
			isa = PBXGroup;
			children = (
				1B5F4F842BAB7D4100823CD1 /* SerandibApp.swift */,
				1B5F4F862BAB7D4100823CD1 /* ContentView.swift */,
				1B5F4F882BAB7D4400823CD1 /* Assets.xcassets */,
				1B5F4F8A2BAB7D4400823CD1 /* Preview Content */,
			);
			path = Serandib;
			sourceTree = "<group>";
		};
		1B5F4F8A2BAB7D4400823CD1 /* Preview Content */ = {
			isa = PBXGroup;
			children = (
				1B5F4F8B2BAB7D4400823CD1 /* Preview Assets.xcassets */,
			);
			path = "Preview Content";
			sourceTree = "<group>";
		};
		1B5F4F942BAB7D4400823CD1 /* SerandibTests */ = {
			isa = PBXGroup;
			children = (
				1B5F4F952BAB7D4400823CD1 /* SerandibTests.swift */,
			);
			path = SerandibTests;
			sourceTree = "<group>";
		};
		1B5F4F9E2BAB7D4400823CD1 /* SerandibUITests */ = {
			isa = PBXGroup;
			children = (
				1B5F4F9F2BAB7D4400823CD1 /* SerandibUITests.swift */,
				1B5F4FA12BAB7D4400823CD1 /* SerandibUITestsLaunchTests.swift */,
			);
			path = SerandibUITests;
			sourceTree = "<group>";
		};
		1B5F4FAF2BAB7DF300823CD1 /* Models */ = {
			isa = PBXGroup;
			children = (
				1B5F4FCC2BAF4F1300823CD1 /* ProductDataModel.swift */,
			);
			path = Models;
			sourceTree = "<group>";
		};
		1B5F4FB02BAB7E0300823CD1 /* ViewModel */ = {
			isa = PBXGroup;
			children = (
				1B5F4FD52BB010CD00823CD1 /* CartViewModel.swift */,
				1B5F4FBA2BAF08B900823CD1 /* ProductViewModel.swift */,
			);
			path = ViewModel;
			sourceTree = "<group>";
		};
		1B5F4FB12BAB7ED500823CD1 /* Views */ = {
			isa = PBXGroup;
			children = (
				1B5F4FB22BAB7F4E00823CD1 /* HomeView.swift */,
				1B5F4FD22BAF774800823CD1 /* CartVeiw.swift */,
				1B5F4FEB2BB2DD0E00823CD1 /* LoginView.swift */,
				1B5F4FED2BB2EA4800823CD1 /* ProductDetailsView.swift */,
				1B48AAFD2BB6C9D600F3A9E5 /* UserView.swift */,
			);
			path = Views;
			sourceTree = "<group>";
		};
		1B5F4FD42BB00EE300823CD1 /* Components */ = {
			isa = PBXGroup;
			children = (
				1B5F4FCE2BAF518600823CD1 /* ProductCard.swift */,
				1B5F4FD02BAF74DA00823CD1 /* CartButton.swift */,
				1B5F4FE52BB14FD400823CD1 /* ProductRow.swift */,
				1B5F4FEF2BB479C500823CD1 /* ColorPicker.swift */,
			);
			path = Components;
			sourceTree = "<group>";
		};
/* End PBXGroup section */

/* Begin PBXNativeTarget section */
		1B5F4F802BAB7D4100823CD1 /* Serandib */ = {
			isa = PBXNativeTarget;
			buildConfigurationList = 1B5F4FA52BAB7D4400823CD1 /* Build configuration list for PBXNativeTarget "Serandib" */;
			buildPhases = (
				1B5F4F7D2BAB7D4100823CD1 /* Sources */,
				1B5F4F7E2BAB7D4100823CD1 /* Frameworks */,
				1B5F4F7F2BAB7D4100823CD1 /* Resources */,
			);
			buildRules = (
			);
			dependencies = (
			);
			name = Serandib;
			packageProductDependencies = (
			);
			productName = Serandib;
			productReference = 1B5F4F812BAB7D4100823CD1 /* Serandib.app */;
			productType = "com.apple.product-type.application";
		};
		1B5F4F902BAB7D4400823CD1 /* SerandibTests */ = {
			isa = PBXNativeTarget;
			buildConfigurationList = 1B5F4FA82BAB7D4400823CD1 /* Build configuration list for PBXNativeTarget "SerandibTests" */;
			buildPhases = (
				1B5F4F8D2BAB7D4400823CD1 /* Sources */,
				1B5F4F8E2BAB7D4400823CD1 /* Frameworks */,
				1B5F4F8F2BAB7D4400823CD1 /* Resources */,
			);
			buildRules = (
			);
			dependencies = (
				1B5F4F932BAB7D4400823CD1 /* PBXTargetDependency */,
			);
			name = SerandibTests;
			productName = SerandibTests;
			productReference = 1B5F4F912BAB7D4400823CD1 /* SerandibTests.xctest */;
			productType = "com.apple.product-type.bundle.unit-test";
		};
		1B5F4F9A2BAB7D4400823CD1 /* SerandibUITests */ = {
			isa = PBXNativeTarget;
			buildConfigurationList = 1B5F4FAB2BAB7D4400823CD1 /* Build configuration list for PBXNativeTarget "SerandibUITests" */;
			buildPhases = (
				1B5F4F972BAB7D4400823CD1 /* Sources */,
				1B5F4F982BAB7D4400823CD1 /* Frameworks */,
				1B5F4F992BAB7D4400823CD1 /* Resources */,
			);
			buildRules = (
			);
			dependencies = (
				1B5F4F9D2BAB7D4400823CD1 /* PBXTargetDependency */,
			);
			name = SerandibUITests;
			productName = SerandibUITests;
			productReference = 1B5F4F9B2BAB7D4400823CD1 /* SerandibUITests.xctest */;
			productType = "com.apple.product-type.bundle.ui-testing";
		};
/* End PBXNativeTarget section */

/* Begin PBXProject section */
		1B5F4F792BAB7D4100823CD1 /* Project object */ = {
			isa = PBXProject;
			attributes = {
				BuildIndependentTargetsInParallel = 1;
				LastSwiftUpdateCheck = 1510;
				LastUpgradeCheck = 1510;
				TargetAttributes = {
					1B5F4F802BAB7D4100823CD1 = {
						CreatedOnToolsVersion = 15.1;
					};
					1B5F4F902BAB7D4400823CD1 = {
						CreatedOnToolsVersion = 15.1;
						TestTargetID = 1B5F4F802BAB7D4100823CD1;
					};
					1B5F4F9A2BAB7D4400823CD1 = {
						CreatedOnToolsVersion = 15.1;
						TestTargetID = 1B5F4F802BAB7D4100823CD1;
					};
				};
			};
			buildConfigurationList = 1B5F4F7C2BAB7D4100823CD1 /* Build configuration list for PBXProject "Serandib" */;
			compatibilityVersion = "Xcode 14.0";
			developmentRegion = en;
			hasScannedForEncodings = 0;
			knownRegions = (
				en,
				Base,
			);
			mainGroup = 1B5F4F782BAB7D4100823CD1;
			packageReferences = (
			);
			productRefGroup = 1B5F4F822BAB7D4100823CD1 /* Products */;
			projectDirPath = "";
			projectRoot = "";
			targets = (
				1B5F4F802BAB7D4100823CD1 /* Serandib */,
				1B5F4F902BAB7D4400823CD1 /* SerandibTests */,
				1B5F4F9A2BAB7D4400823CD1 /* SerandibUITests */,
			);
		};
/* End PBXProject section */

/* Begin PBXResourcesBuildPhase section */
		1B5F4F7F2BAB7D4100823CD1 /* Resources */ = {
			isa = PBXResourcesBuildPhase;
			buildActionMask = 2147483647;
			files = (
				1B5F4F8C2BAB7D4400823CD1 /* Preview Assets.xcassets in Resources */,
				1B5F4F892BAB7D4400823CD1 /* Assets.xcassets in Resources */,
			);
			runOnlyForDeploymentPostprocessing = 0;
		};
		1B5F4F8F2BAB7D4400823CD1 /* Resources */ = {
			isa = PBXResourcesBuildPhase;
			buildActionMask = 2147483647;
			files = (
			);
			runOnlyForDeploymentPostprocessing = 0;
		};
		1B5F4F992BAB7D4400823CD1 /* Resources */ = {
			isa = PBXResourcesBuildPhase;
			buildActionMask = 2147483647;
			files = (
			);
			runOnlyForDeploymentPostprocessing = 0;
		};
/* End PBXResourcesBuildPhase section */

/* Begin PBXSourcesBuildPhase section */
		1B5F4F7D2BAB7D4100823CD1 /* Sources */ = {
			isa = PBXSourcesBuildPhase;
			buildActionMask = 2147483647;
			files = (
				1B5F4FB32BAB7F4E00823CD1 /* HomeView.swift in Sources */,
				1B5F4FF02BB479C500823CD1 /* ColorPicker.swift in Sources */,
				1B5F4FD32BAF774800823CD1 /* CartVeiw.swift in Sources */,
				1B5F4FE62BB14FD400823CD1 /* ProductRow.swift in Sources */,
				1B5F4F872BAB7D4100823CD1 /* ContentView.swift in Sources */,
				1B5F4FEE2BB2EA4800823CD1 /* ProductDetailsView.swift in Sources */,
				1B5F4FCD2BAF4F1300823CD1 /* ProductDataModel.swift in Sources */,
				1B5F4F852BAB7D4100823CD1 /* SerandibApp.swift in Sources */,
				1B5F4FD12BAF74DA00823CD1 /* CartButton.swift in Sources */,
				1B5F4FD62BB010CD00823CD1 /* CartViewModel.swift in Sources */,
				1B5F4FEC2BB2DD0E00823CD1 /* LoginView.swift in Sources */,
				1B5F4FBB2BAF08B900823CD1 /* ProductViewModel.swift in Sources */,
				1B5F4FCF2BAF518600823CD1 /* ProductCard.swift in Sources */,
				1B48AAFE2BB6C9D600F3A9E5 /* UserView.swift in Sources */,
			);
			runOnlyForDeploymentPostprocessing = 0;
		};
		1B5F4F8D2BAB7D4400823CD1 /* Sources */ = {
			isa = PBXSourcesBuildPhase;
			buildActionMask = 2147483647;
			files = (
				1B5F4F962BAB7D4400823CD1 /* SerandibTests.swift in Sources */,
			);
			runOnlyForDeploymentPostprocessing = 0;
		};
		1B5F4F972BAB7D4400823CD1 /* Sources */ = {
			isa = PBXSourcesBuildPhase;
			buildActionMask = 2147483647;
			files = (
				1B5F4FA22BAB7D4400823CD1 /* SerandibUITestsLaunchTests.swift in Sources */,
				1B5F4FA02BAB7D4400823CD1 /* SerandibUITests.swift in Sources */,
			);
			runOnlyForDeploymentPostprocessing = 0;
		};
/* End PBXSourcesBuildPhase section */

/* Begin PBXTargetDependency section */
		1B5F4F932BAB7D4400823CD1 /* PBXTargetDependency */ = {
			isa = PBXTargetDependency;
			target = 1B5F4F802BAB7D4100823CD1 /* Serandib */;
			targetProxy = 1B5F4F922BAB7D4400823CD1 /* PBXContainerItemProxy */;
		};
		1B5F4F9D2BAB7D4400823CD1 /* PBXTargetDependency */ = {
			isa = PBXTargetDependency;
			target = 1B5F4F802BAB7D4100823CD1 /* Serandib */;
			targetProxy = 1B5F4F9C2BAB7D4400823CD1 /* PBXContainerItemProxy */;
		};
/* End PBXTargetDependency section */

/* Begin XCBuildConfiguration section */
		1B5F4FA32BAB7D4400823CD1 /* Debug */ = {
			isa = XCBuildConfiguration;
			buildSettings = {
				ALWAYS_SEARCH_USER_PATHS = NO;
				ASSETCATALOG_COMPILER_GENERATE_SWIFT_ASSET_SYMBOL_EXTENSIONS = YES;
				CLANG_ANALYZER_NONNULL = YES;
				CLANG_ANALYZER_NUMBER_OBJECT_CONVERSION = YES_AGGRESSIVE;
				CLANG_CXX_LANGUAGE_STANDARD = "gnu++20";
				CLANG_ENABLE_MODULES = YES;
				CLANG_ENABLE_OBJC_ARC = YES;
				CLANG_ENABLE_OBJC_WEAK = YES;
				CLANG_WARN_BLOCK_CAPTURE_AUTORELEASING = YES;
				CLANG_WARN_BOOL_CONVERSION = YES;
				CLANG_WARN_COMMA = YES;
				CLANG_WARN_CONSTANT_CONVERSION = YES;
				CLANG_WARN_DEPRECATED_OBJC_IMPLEMENTATIONS = YES;
				CLANG_WARN_DIRECT_OBJC_ISA_USAGE = YES_ERROR;
				CLANG_WARN_DOCUMENTATION_COMMENTS = YES;
				CLANG_WARN_EMPTY_BODY = YES;
				CLANG_WARN_ENUM_CONVERSION = YES;
				CLANG_WARN_INFINITE_RECURSION = YES;
				CLANG_WARN_INT_CONVERSION = YES;
				CLANG_WARN_NON_LITERAL_NULL_CONVERSION = YES;
				CLANG_WARN_OBJC_IMPLICIT_RETAIN_SELF = YES;
				CLANG_WARN_OBJC_LITERAL_CONVERSION = YES;
				CLANG_WARN_OBJC_ROOT_CLASS = YES_ERROR;
				CLANG_WARN_QUOTED_INCLUDE_IN_FRAMEWORK_HEADER = YES;
				CLANG_WARN_RANGE_LOOP_ANALYSIS = YES;
				CLANG_WARN_STRICT_PROTOTYPES = YES;
				CLANG_WARN_SUSPICIOUS_MOVE = YES;
				CLANG_WARN_UNGUARDED_AVAILABILITY = YES_AGGRESSIVE;
				CLANG_WARN_UNREACHABLE_CODE = YES;
				CLANG_WARN__DUPLICATE_METHOD_MATCH = YES;
				COPY_PHASE_STRIP = NO;
				DEBUG_INFORMATION_FORMAT = dwarf;
				ENABLE_STRICT_OBJC_MSGSEND = YES;
				ENABLE_TESTABILITY = YES;
				ENABLE_USER_SCRIPT_SANDBOXING = YES;
				GCC_C_LANGUAGE_STANDARD = gnu17;
				GCC_DYNAMIC_NO_PIC = NO;
				GCC_NO_COMMON_BLOCKS = YES;
				GCC_OPTIMIZATION_LEVEL = 0;
				GCC_PREPROCESSOR_DEFINITIONS = (
					"DEBUG=1",
					"$(inherited)",
				);
				GCC_WARN_64_TO_32_BIT_CONVERSION = YES;
				GCC_WARN_ABOUT_RETURN_TYPE = YES_ERROR;
				GCC_WARN_UNDECLARED_SELECTOR = YES;
				GCC_WARN_UNINITIALIZED_AUTOS = YES_AGGRESSIVE;
				GCC_WARN_UNUSED_FUNCTION = YES;
				GCC_WARN_UNUSED_VARIABLE = YES;
				IPHONEOS_DEPLOYMENT_TARGET = 17.2;
				LOCALIZATION_PREFERS_STRING_CATALOGS = YES;
				MTL_ENABLE_DEBUG_INFO = INCLUDE_SOURCE;
				MTL_FAST_MATH = YES;
				ONLY_ACTIVE_ARCH = YES;
				SDKROOT = iphoneos;
				SWIFT_ACTIVE_COMPILATION_CONDITIONS = "DEBUG $(inherited)";
				SWIFT_OPTIMIZATION_LEVEL = "-Onone";
			};
			name = Debug;
		};
		1B5F4FA42BAB7D4400823CD1 /* Release */ = {
			isa = XCBuildConfiguration;
			buildSettings = {
				ALWAYS_SEARCH_USER_PATHS = NO;
				ASSETCATALOG_COMPILER_GENERATE_SWIFT_ASSET_SYMBOL_EXTENSIONS = YES;
				CLANG_ANALYZER_NONNULL = YES;
				CLANG_ANALYZER_NUMBER_OBJECT_CONVERSION = YES_AGGRESSIVE;
				CLANG_CXX_LANGUAGE_STANDARD = "gnu++20";
				CLANG_ENABLE_MODULES = YES;
				CLANG_ENABLE_OBJC_ARC = YES;
				CLANG_ENABLE_OBJC_WEAK = YES;
				CLANG_WARN_BLOCK_CAPTURE_AUTORELEASING = YES;
				CLANG_WARN_BOOL_CONVERSION = YES;
				CLANG_WARN_COMMA = YES;
				CLANG_WARN_CONSTANT_CONVERSION = YES;
				CLANG_WARN_DEPRECATED_OBJC_IMPLEMENTATIONS = YES;
				CLANG_WARN_DIRECT_OBJC_ISA_USAGE = YES_ERROR;
				CLANG_WARN_DOCUMENTATION_COMMENTS = YES;
				CLANG_WARN_EMPTY_BODY = YES;
				CLANG_WARN_ENUM_CONVERSION = YES;
				CLANG_WARN_INFINITE_RECURSION = YES;
				CLANG_WARN_INT_CONVERSION = YES;
				CLANG_WARN_NON_LITERAL_NULL_CONVERSION = YES;
				CLANG_WARN_OBJC_IMPLICIT_RETAIN_SELF = YES;
				CLANG_WARN_OBJC_LITERAL_CONVERSION = YES;
				CLANG_WARN_OBJC_ROOT_CLASS = YES_ERROR;
				CLANG_WARN_QUOTED_INCLUDE_IN_FRAMEWORK_HEADER = YES;
				CLANG_WARN_RANGE_LOOP_ANALYSIS = YES;
				CLANG_WARN_STRICT_PROTOTYPES = YES;
				CLANG_WARN_SUSPICIOUS_MOVE = YES;
				CLANG_WARN_UNGUARDED_AVAILABILITY = YES_AGGRESSIVE;
				CLANG_WARN_UNREACHABLE_CODE = YES;
				CLANG_WARN__DUPLICATE_METHOD_MATCH = YES;
				COPY_PHASE_STRIP = NO;
				DEBUG_INFORMATION_FORMAT = "dwarf-with-dsym";
				ENABLE_NS_ASSERTIONS = NO;
				ENABLE_STRICT_OBJC_MSGSEND = YES;
				ENABLE_USER_SCRIPT_SANDBOXING = YES;
				GCC_C_LANGUAGE_STANDARD = gnu17;
				GCC_NO_COMMON_BLOCKS = YES;
				GCC_WARN_64_TO_32_BIT_CONVERSION = YES;
				GCC_WARN_ABOUT_RETURN_TYPE = YES_ERROR;
				GCC_WARN_UNDECLARED_SELECTOR = YES;
				GCC_WARN_UNINITIALIZED_AUTOS = YES_AGGRESSIVE;
				GCC_WARN_UNUSED_FUNCTION = YES;
				GCC_WARN_UNUSED_VARIABLE = YES;
				IPHONEOS_DEPLOYMENT_TARGET = 17.2;
				LOCALIZATION_PREFERS_STRING_CATALOGS = YES;
				MTL_ENABLE_DEBUG_INFO = NO;
				MTL_FAST_MATH = YES;
				SDKROOT = iphoneos;
				SWIFT_COMPILATION_MODE = wholemodule;
				VALIDATE_PRODUCT = YES;
			};
			name = Release;
		};
		1B5F4FA62BAB7D4400823CD1 /* Debug */ = {
			isa = XCBuildConfiguration;
			buildSettings = {
				ASSETCATALOG_COMPILER_APPICON_NAME = AppIcon;
				ASSETCATALOG_COMPILER_GLOBAL_ACCENT_COLOR_NAME = AccentColor;
				CODE_SIGN_STYLE = Automatic;
				CURRENT_PROJECT_VERSION = 1;
				DEVELOPMENT_ASSET_PATHS = "\"Serandib/Preview Content\"";
				DEVELOPMENT_TEAM = M5ZYTRBQ39;
				ENABLE_PREVIEWS = YES;
				GENERATE_INFOPLIST_FILE = YES;
				INFOPLIST_KEY_UIApplicationSceneManifest_Generation = YES;
				INFOPLIST_KEY_UIApplicationSupportsIndirectInputEvents = YES;
				INFOPLIST_KEY_UILaunchScreen_Generation = YES;
				INFOPLIST_KEY_UISupportedInterfaceOrientations_iPad = "UIInterfaceOrientationPortrait UIInterfaceOrientationPortraitUpsideDown UIInterfaceOrientationLandscapeLeft UIInterfaceOrientationLandscapeRight";
				INFOPLIST_KEY_UISupportedInterfaceOrientations_iPhone = "UIInterfaceOrientationPortrait UIInterfaceOrientationLandscapeLeft UIInterfaceOrientationLandscapeRight";
				LD_RUNPATH_SEARCH_PATHS = (
					"$(inherited)",
					"@executable_path/Frameworks",
				);
				MARKETING_VERSION = 1.0;
				PRODUCT_BUNDLE_IDENTIFIER = malith.Serandib;
				PRODUCT_NAME = "$(TARGET_NAME)";
				SWIFT_EMIT_LOC_STRINGS = YES;
				SWIFT_VERSION = 5.0;
				TARGETED_DEVICE_FAMILY = "1,2";
			};
			name = Debug;
		};
		1B5F4FA72BAB7D4400823CD1 /* Release */ = {
			isa = XCBuildConfiguration;
			buildSettings = {
				ASSETCATALOG_COMPILER_APPICON_NAME = AppIcon;
				ASSETCATALOG_COMPILER_GLOBAL_ACCENT_COLOR_NAME = AccentColor;
				CODE_SIGN_STYLE = Automatic;
				CURRENT_PROJECT_VERSION = 1;
				DEVELOPMENT_ASSET_PATHS = "\"Serandib/Preview Content\"";
				DEVELOPMENT_TEAM = M5ZYTRBQ39;
				ENABLE_PREVIEWS = YES;
				GENERATE_INFOPLIST_FILE = YES;
				INFOPLIST_KEY_UIApplicationSceneManifest_Generation = YES;
				INFOPLIST_KEY_UIApplicationSupportsIndirectInputEvents = YES;
				INFOPLIST_KEY_UILaunchScreen_Generation = YES;
				INFOPLIST_KEY_UISupportedInterfaceOrientations_iPad = "UIInterfaceOrientationPortrait UIInterfaceOrientationPortraitUpsideDown UIInterfaceOrientationLandscapeLeft UIInterfaceOrientationLandscapeRight";
				INFOPLIST_KEY_UISupportedInterfaceOrientations_iPhone = "UIInterfaceOrientationPortrait UIInterfaceOrientationLandscapeLeft UIInterfaceOrientationLandscapeRight";
				LD_RUNPATH_SEARCH_PATHS = (
					"$(inherited)",
					"@executable_path/Frameworks",
				);
				MARKETING_VERSION = 1.0;
				PRODUCT_BUNDLE_IDENTIFIER = malith.Serandib;
				PRODUCT_NAME = "$(TARGET_NAME)";
				SWIFT_EMIT_LOC_STRINGS = YES;
				SWIFT_VERSION = 5.0;
				TARGETED_DEVICE_FAMILY = "1,2";
			};
			name = Release;
		};
		1B5F4FA92BAB7D4400823CD1 /* Debug */ = {
			isa = XCBuildConfiguration;
			buildSettings = {
				ALWAYS_EMBED_SWIFT_STANDARD_LIBRARIES = YES;
				BUNDLE_LOADER = "$(TEST_HOST)";
				CODE_SIGN_STYLE = Automatic;
				CURRENT_PROJECT_VERSION = 1;
				GENERATE_INFOPLIST_FILE = YES;
				IPHONEOS_DEPLOYMENT_TARGET = 17.2;
				MARKETING_VERSION = 1.0;
				PRODUCT_BUNDLE_IDENTIFIER = malith.SerandibTests;
				PRODUCT_NAME = "$(TARGET_NAME)";
				SWIFT_EMIT_LOC_STRINGS = NO;
				SWIFT_VERSION = 5.0;
				TARGETED_DEVICE_FAMILY = "1,2";
				TEST_HOST = "$(BUILT_PRODUCTS_DIR)/Serandib.app/$(BUNDLE_EXECUTABLE_FOLDER_PATH)/Serandib";
			};
			name = Debug;
		};
		1B5F4FAA2BAB7D4400823CD1 /* Release */ = {
			isa = XCBuildConfiguration;
			buildSettings = {
				ALWAYS_EMBED_SWIFT_STANDARD_LIBRARIES = YES;
				BUNDLE_LOADER = "$(TEST_HOST)";
				CODE_SIGN_STYLE = Automatic;
				CURRENT_PROJECT_VERSION = 1;
				GENERATE_INFOPLIST_FILE = YES;
				IPHONEOS_DEPLOYMENT_TARGET = 17.2;
				MARKETING_VERSION = 1.0;
				PRODUCT_BUNDLE_IDENTIFIER = malith.SerandibTests;
				PRODUCT_NAME = "$(TARGET_NAME)";
				SWIFT_EMIT_LOC_STRINGS = NO;
				SWIFT_VERSION = 5.0;
				TARGETED_DEVICE_FAMILY = "1,2";
				TEST_HOST = "$(BUILT_PRODUCTS_DIR)/Serandib.app/$(BUNDLE_EXECUTABLE_FOLDER_PATH)/Serandib";
			};
			name = Release;
		};
		1B5F4FAC2BAB7D4400823CD1 /* Debug */ = {
			isa = XCBuildConfiguration;
			buildSettings = {
				ALWAYS_EMBED_SWIFT_STANDARD_LIBRARIES = YES;
				CODE_SIGN_STYLE = Automatic;
				CURRENT_PROJECT_VERSION = 1;
				GENERATE_INFOPLIST_FILE = YES;
				MARKETING_VERSION = 1.0;
				PRODUCT_BUNDLE_IDENTIFIER = malith.SerandibUITests;
				PRODUCT_NAME = "$(TARGET_NAME)";
				SWIFT_EMIT_LOC_STRINGS = NO;
				SWIFT_VERSION = 5.0;
				TARGETED_DEVICE_FAMILY = "1,2";
				TEST_TARGET_NAME = Serandib;
			};
			name = Debug;
		};
		1B5F4FAD2BAB7D4400823CD1 /* Release */ = {
			isa = XCBuildConfiguration;
			buildSettings = {
				ALWAYS_EMBED_SWIFT_STANDARD_LIBRARIES = YES;
				CODE_SIGN_STYLE = Automatic;
				CURRENT_PROJECT_VERSION = 1;
				GENERATE_INFOPLIST_FILE = YES;
				MARKETING_VERSION = 1.0;
				PRODUCT_BUNDLE_IDENTIFIER = malith.SerandibUITests;
				PRODUCT_NAME = "$(TARGET_NAME)";
				SWIFT_EMIT_LOC_STRINGS = NO;
				SWIFT_VERSION = 5.0;
				TARGETED_DEVICE_FAMILY = "1,2";
				TEST_TARGET_NAME = Serandib;
			};
			name = Release;
		};
/* End XCBuildConfiguration section */

/* Begin XCConfigurationList section */
		1B5F4F7C2BAB7D4100823CD1 /* Build configuration list for PBXProject "Serandib" */ = {
			isa = XCConfigurationList;
			buildConfigurations = (
				1B5F4FA32BAB7D4400823CD1 /* Debug */,
				1B5F4FA42BAB7D4400823CD1 /* Release */,
			);
			defaultConfigurationIsVisible = 0;
			defaultConfigurationName = Release;
		};
		1B5F4FA52BAB7D4400823CD1 /* Build configuration list for PBXNativeTarget "Serandib" */ = {
			isa = XCConfigurationList;
			buildConfigurations = (
				1B5F4FA62BAB7D4400823CD1 /* Debug */,
				1B5F4FA72BAB7D4400823CD1 /* Release */,
			);
			defaultConfigurationIsVisible = 0;
			defaultConfigurationName = Release;
		};
		1B5F4FA82BAB7D4400823CD1 /* Build configuration list for PBXNativeTarget "SerandibTests" */ = {
			isa = XCConfigurationList;
			buildConfigurations = (
				1B5F4FA92BAB7D4400823CD1 /* Debug */,
				1B5F4FAA2BAB7D4400823CD1 /* Release */,
			);
			defaultConfigurationIsVisible = 0;
			defaultConfigurationName = Release;
		};
		1B5F4FAB2BAB7D4400823CD1 /* Build configuration list for PBXNativeTarget "SerandibUITests" */ = {
			isa = XCConfigurationList;
			buildConfigurations = (
				1B5F4FAC2BAB7D4400823CD1 /* Debug */,
				1B5F4FAD2BAB7D4400823CD1 /* Release */,
			);
			defaultConfigurationIsVisible = 0;
			defaultConfigurationName = Release;
		};
/* End XCConfigurationList section */
	};
	rootObject = 1B5F4F792BAB7D4100823CD1 /* Project object */;
}
